<Solution>
  <Configurations>
    <Platform Name="Any CPU" />
    <Platform Name="x64" />
    <Platform Name="x86" />
  </Configurations>
  <Project Path="SampleApi.Application/SampleApi.Application.csproj" />
  <Project Path="SampleApi.Domain/SampleApi.Domain.csproj" />
  <Project Path="SampleApi.Infrastructure/SampleApi.Infrastructure.csproj" />
  <Project Path="SampleApi/SampleApi.csproj" />
</Solution>
